PODS:
  - Kingfisher (7.3.0)
  - shared (0.1.0)
  - sharedSwift (1.0):
    - shared

DEPENDENCIES:
  - Kingfisher (~> 7.0)
  - shared (from `../shared`)
  - sharedSwift (from `../shared`)

SPEC REPOS:
  trunk:
    - Kingfisher

EXTERNAL SOURCES:
  shared:
    :path: "../shared"
  sharedSwift:
    :path: "../shared"

SPEC CHECKSUMS:
  Kingfisher: cdb1189a9223b1bc028816bd47c8b8101a58831c
  shared: 87955ce175f3e0125b3dc8555b1b78fd7eb688aa
  sharedSwift: 069e6019f6963d18ae01d1d772429c854db2fe1e

PODFILE CHECKSUM: 071241557371c02424821106ec0998c691309d94

COCOAPODS: 1.12.1
